
Microsoft Visual Studio Solution File, Format Version 12.00
# Visual Studio Version 17
VisualStudioVersion = 17.13.35818.85
MinimumVisualStudioVersion = 10.0.40219.1
Project("{FAE04EC0-301F-11D3-BF4B-00C04F79EFBC}") = "Knitted_Toys_Store.API", "Knitted_Toys_Store.API\Knitted_Toys_Store.API.csproj", "{31B6375E-452E-446C-A787-145162A65626}"
	ProjectSection(ProjectDependencies) = postProject
		{C29D9E8F-712C-4C09-87E3-0A80EC14E445} = {C29D9E8F-712C-4C09-87E3-0A80EC14E445}
	EndProjectSection
EndProject
Project("{FAE04EC0-301F-11D3-BF4B-00C04F79EFBC}") = "Knitted_Toys_Store.Domain", "Knitted_Toys.Domain\Knitted_Toys_Store.Domain.csproj", "{C29D9E8F-712C-4C09-87E3-0A80EC14E445}"
EndProject
Project("{FAE04EC0-301F-11D3-BF4B-00C04F79EFBC}") = "Knitted_Toys_Store.DataAccess", "Knitted_Toys_Store.DataAccess\Knitted_Toys_Store.DataAccess.csproj", "{EA140A00-BCC4-4A86-8382-14457ED115A2}"
EndProject
Project("{FAE04EC0-301F-11D3-BF4B-00C04F79EFBC}") = "Knitted_Toys_Store.App", "Knitted_Toys_Store.App\Knitted_Toys_Store.App.csproj", "{39BD180A-79FC-4439-90C4-68C92468D319}"
EndProject
Project("{FAE04EC0-301F-11D3-BF4B-00C04F79EFBC}") = "Knitted_Toys_Store.Contracts", "Knitted_Toys_Store.Contracts\Knitted_Toys_Store.Contracts.csproj", "{6C518BFD-964A-4A66-B708-181219D0964B}"
EndProject
Project("{FAE04EC0-301F-11D3-BF4B-00C04F79EFBC}") = "Knitted_Toys_Store.Infrastructure", "Knitted_Toys_Store.Infrastructure\Knitted_Toys_Store.Infrastructure.csproj", "{0CC1B62B-CBE7-4AD0-88A7-B8E9CBD4E7EF}"
EndProject
Global
	GlobalSection(SolutionConfigurationPlatforms) = preSolution
		Debug|Any CPU = Debug|Any CPU
		Release|Any CPU = Release|Any CPU
	EndGlobalSection
	GlobalSection(ProjectConfigurationPlatforms) = postSolution
		{31B6375E-452E-446C-A787-145162A65626}.Debug|Any CPU.ActiveCfg = Debug|Any CPU
		{31B6375E-452E-446C-A787-145162A65626}.Debug|Any CPU.Build.0 = Debug|Any CPU
		{31B6375E-452E-446C-A787-145162A65626}.Release|Any CPU.ActiveCfg = Release|Any CPU
		{31B6375E-452E-446C-A787-145162A65626}.Release|Any CPU.Build.0 = Release|Any CPU
		{C29D9E8F-712C-4C09-87E3-0A80EC14E445}.Debug|Any CPU.ActiveCfg = Debug|Any CPU
		{C29D9E8F-712C-4C09-87E3-0A80EC14E445}.Debug|Any CPU.Build.0 = Debug|Any CPU
		{C29D9E8F-712C-4C09-87E3-0A80EC14E445}.Release|Any CPU.ActiveCfg = Release|Any CPU
		{C29D9E8F-712C-4C09-87E3-0A80EC14E445}.Release|Any CPU.Build.0 = Release|Any CPU
		{EA140A00-BCC4-4A86-8382-14457ED115A2}.Debug|Any CPU.ActiveCfg = Debug|Any CPU
		{EA140A00-BCC4-4A86-8382-14457ED115A2}.Debug|Any CPU.Build.0 = Debug|Any CPU
		{EA140A00-BCC4-4A86-8382-14457ED115A2}.Release|Any CPU.ActiveCfg = Release|Any CPU
		{EA140A00-BCC4-4A86-8382-14457ED115A2}.Release|Any CPU.Build.0 = Release|Any CPU
		{39BD180A-79FC-4439-90C4-68C92468D319}.Debug|Any CPU.ActiveCfg = Debug|Any CPU
		{39BD180A-79FC-4439-90C4-68C92468D319}.Debug|Any CPU.Build.0 = Debug|Any CPU
		{39BD180A-79FC-4439-90C4-68C92468D319}.Release|Any CPU.ActiveCfg = Release|Any CPU
		{39BD180A-79FC-4439-90C4-68C92468D319}.Release|Any CPU.Build.0 = Release|Any CPU
		{6C518BFD-964A-4A66-B708-181219D0964B}.Debug|Any CPU.ActiveCfg = Debug|Any CPU
		{6C518BFD-964A-4A66-B708-181219D0964B}.Debug|Any CPU.Build.0 = Debug|Any CPU
		{6C518BFD-964A-4A66-B708-181219D0964B}.Release|Any CPU.ActiveCfg = Release|Any CPU
		{6C518BFD-964A-4A66-B708-181219D0964B}.Release|Any CPU.Build.0 = Release|Any CPU
		{0CC1B62B-CBE7-4AD0-88A7-B8E9CBD4E7EF}.Debug|Any CPU.ActiveCfg = Debug|Any CPU
		{0CC1B62B-CBE7-4AD0-88A7-B8E9CBD4E7EF}.Debug|Any CPU.Build.0 = Debug|Any CPU
		{0CC1B62B-CBE7-4AD0-88A7-B8E9CBD4E7EF}.Release|Any CPU.ActiveCfg = Release|Any CPU
		{0CC1B62B-CBE7-4AD0-88A7-B8E9CBD4E7EF}.Release|Any CPU.Build.0 = Release|Any CPU
	EndGlobalSection
	GlobalSection(SolutionProperties) = preSolution
		HideSolutionNode = FALSE
	EndGlobalSection
	GlobalSection(ExtensibilityGlobals) = postSolution
		SolutionGuid = {94F0ADB9-C800-486E-A84E-532054118A90}
	EndGlobalSection
EndGlobal
